
Microsoft Visual Studio Solution File, Format Version 12.00
# Visual Studio Version 17
VisualStudioVersion = 17.3.32901.215
MinimumVisualStudioVersion = 10.0.40219.1
Project("{FAE04EC0-301F-11D3-BF4B-00C04F79EFBC}") = "PerfumeShop", "PerfumeShop\PerfumeShop.csproj", "{D43C1AAC-F9C5-4A3F-B8D1-3C04A8564831}"
EndProject
Global
	GlobalSection(SolutionConfigurationPlatforms) = preSolution
		Debug|Any CPU = Debug|Any CPU
		Release|Any CPU = Release|Any CPU
	EndGlobalSection
	GlobalSection(ProjectConfigurationPlatforms) = postSolution
		{D43C1AAC-F9C5-4A3F-B8D1-3C04A8564831}.Debug|Any CPU.ActiveCfg = Debug|Any CPU
		{D43C1AAC-F9C5-4A3F-B8D1-3C04A8564831}.Debug|Any CPU.Build.0 = Debug|Any CPU
		{D43C1AAC-F9C5-4A3F-B8D1-3C04A8564831}.Release|Any CPU.ActiveCfg = Release|Any CPU
		{D43C1AAC-F9C5-4A3F-B8D1-3C04A8564831}.Release|Any CPU.Build.0 = Release|Any CPU
	EndGlobalSection
	GlobalSection(SolutionProperties) = preSolution
		HideSolutionNode = FALSE
	EndGlobalSection
	GlobalSection(ExtensibilityGlobals) = postSolution
		SolutionGuid = {843C4D20-6E78-40AD-BD6E-247270BF4B64}
	EndGlobalSection
EndGlobal
